
Microsoft Visual Studio Solution File, Format Version 12.00
# Visual Studio 2012
Project("{FAE04EC0-301F-11D3-BF4B-00C04F79EFBC}") = "Proctorio.JSON", "Proctorio.JSON\Proctorio.JSON.csproj", "{9C619633-B450-4213-BA8B-419981938343}"
EndProject
Project("{FAE04EC0-301F-11D3-BF4B-00C04F79EFBC}") = "Proctorio.JSON.Tests", "Proctorio.JSON.Tests\Proctorio.JSON.Tests.csproj", "{9ACBDA42-49E4-4934-871E-D612A132DF37}"
EndProject
Global
	GlobalSection(SolutionConfigurationPlatforms) = preSolution
		Debug|Any CPU = Debug|Any CPU
		Release|Any CPU = Release|Any CPU
	EndGlobalSection
	GlobalSection(ProjectConfigurationPlatforms) = postSolution
		{9C619633-B450-4213-BA8B-419981938343}.Debug|Any CPU.ActiveCfg = Debug|Any CPU
		{9C619633-B450-4213-BA8B-419981938343}.Debug|Any CPU.Build.0 = Debug|Any CPU
		{9C619633-B450-4213-BA8B-419981938343}.Release|Any CPU.ActiveCfg = Release|Any CPU
		{9C619633-B450-4213-BA8B-419981938343}.Release|Any CPU.Build.0 = Release|Any CPU
		{9ACBDA42-49E4-4934-871E-D612A132DF37}.Debug|Any CPU.ActiveCfg = Debug|Any CPU
		{9ACBDA42-49E4-4934-871E-D612A132DF37}.Debug|Any CPU.Build.0 = Debug|Any CPU
		{9ACBDA42-49E4-4934-871E-D612A132DF37}.Release|Any CPU.ActiveCfg = Release|Any CPU
		{9ACBDA42-49E4-4934-871E-D612A132DF37}.Release|Any CPU.Build.0 = Release|Any CPU
	EndGlobalSection
	GlobalSection(SolutionProperties) = preSolution
		HideSolutionNode = FALSE
	EndGlobalSection
EndGlobal
